
Microsoft Visual Studio Solution File, Format Version 12.00
# Visual Studio 15
VisualStudioVersion = 15.0.26730.15
MinimumVisualStudioVersion = 10.0.40219.1
Project("{E24C65DC-7377-472B-9ABA-BC803B73C61A}") = "Prep2Plate(1)", ".", "{C4D18B6A-4478-4347-8A09-36A6C10F75EA}"
	ProjectSection(WebsiteProperties) = preProject
		TargetFrameworkMoniker = ".NETFramework,Version%3Dv4.6.1"
		Debug.AspNetCompiler.VirtualPath = "/localhost_61149"
		Debug.AspNetCompiler.PhysicalPath = "..\..\FinalProject\Prep2Plate\"
		Debug.AspNetCompiler.TargetPath = "PrecompiledWeb\localhost_61149\"
		Debug.AspNetCompiler.Updateable = "true"
		Debug.AspNetCompiler.ForceOverwrite = "true"
		Debug.AspNetCompiler.FixedNames = "false"
		Debug.AspNetCompiler.Debug = "True"
		Release.AspNetCompiler.VirtualPath = "/localhost_61149"
		Release.AspNetCompiler.PhysicalPath = "..\..\FinalProject\Prep2Plate\"
		Release.AspNetCompiler.TargetPath = "PrecompiledWeb\localhost_61149\"
		Release.AspNetCompiler.Updateable = "true"
		Release.AspNetCompiler.ForceOverwrite = "true"
		Release.AspNetCompiler.FixedNames = "false"
		Release.AspNetCompiler.Debug = "False"
		VWDPort = "61149"
	EndProjectSection
EndProject
Global
	GlobalSection(SolutionConfigurationPlatforms) = preSolution
		Debug|Any CPU = Debug|Any CPU
	EndGlobalSection
	GlobalSection(ProjectConfigurationPlatforms) = postSolution
		{C4D18B6A-4478-4347-8A09-36A6C10F75EA}.Debug|Any CPU.ActiveCfg = Debug|Any CPU
		{C4D18B6A-4478-4347-8A09-36A6C10F75EA}.Debug|Any CPU.Build.0 = Debug|Any CPU
	EndGlobalSection
	GlobalSection(SolutionProperties) = preSolution
		HideSolutionNode = FALSE
	EndGlobalSection
	GlobalSection(ExtensibilityGlobals) = postSolution
		SolutionGuid = {BAB159A5-1F92-48DB-972E-AEEE096345F2}
	EndGlobalSection
EndGlobal
